
Microsoft Visual Studio Solution File, Format Version 12.00
# Visual Studio Version 16
VisualStudioVersion = 25.0.1706.7
MinimumVisualStudioVersion = 10.0.40219.1
Project("{FAE04EC0-301F-11D3-BF4B-00C04F79EFBC}") = "Wingrid.Services.EventAPI", "Services\Wingrid.Services.EventAPI\Wingrid.Services.EventAPI.csproj", "{F922299E-ACF4-4690-AB4E-97AADD65A6A7}"
EndProject
Project("{FAE04EC0-301F-11D3-BF4B-00C04F79EFBC}") = "Wingrid.Services.EventAPI.Tests", "Services\Wingrid.Services.EventAPI.Tests\Wingrid.Services.EventAPI.Tests.csproj", "{711ED412-DBD0-41E9-A419-6BA33CD177D5}"
EndProject
Project("{2150E333-8FDC-42A3-9474-1A3956D46DE8}") = "Services", "Services", "{5704E055-F292-456A-81C5-047082F09FBF}"
EndProject
Project("{FAE04EC0-301F-11D3-BF4B-00C04F79EFBC}") = "Wingrid.Services.Auth", "Services\Wingrid.Services.Auth\Wingrid.Services.Auth.csproj", "{3D282DD8-BB3C-49B7-9D6F-3789B991AEB8}"
EndProject
Project("{FAE04EC0-301F-11D3-BF4B-00C04F79EFBC}") = "Wingrid.MessageBus", "MessageBus\Wingrid.MessageBus.csproj", "{3B2DA625-146F-4E23-8274-B353E03B01AA}"
EndProject
Project("{FAE04EC0-301F-11D3-BF4B-00C04F79EFBC}") = "Wingrid.Gateway", "Gateway\Wingrid.Gateway.csproj", "{A77BFBB1-A84E-4A5F-ABA7-546F2EF82C6C}"
EndProject
Global
	GlobalSection(SolutionConfigurationPlatforms) = preSolution
		Debug|Any CPU = Debug|Any CPU
		Release|Any CPU = Release|Any CPU
	EndGlobalSection
	GlobalSection(ProjectConfigurationPlatforms) = postSolution
		{BDF94EE9-5353-41B7-B197-4A4F438EA8C9}.Debug|Any CPU.ActiveCfg = Debug|Any CPU
		{BDF94EE9-5353-41B7-B197-4A4F438EA8C9}.Debug|Any CPU.Build.0 = Debug|Any CPU
		{BDF94EE9-5353-41B7-B197-4A4F438EA8C9}.Release|Any CPU.ActiveCfg = Release|Any CPU
		{BDF94EE9-5353-41B7-B197-4A4F438EA8C9}.Release|Any CPU.Build.0 = Release|Any CPU
		{63EF4D97-3265-467B-B207-05CAD8F9D325}.Debug|Any CPU.ActiveCfg = Debug|Any CPU
		{63EF4D97-3265-467B-B207-05CAD8F9D325}.Debug|Any CPU.Build.0 = Debug|Any CPU
		{63EF4D97-3265-467B-B207-05CAD8F9D325}.Release|Any CPU.ActiveCfg = Release|Any CPU
		{63EF4D97-3265-467B-B207-05CAD8F9D325}.Release|Any CPU.Build.0 = Release|Any CPU
		{F2218AE5-BF92-465B-870A-2C41356F23FB}.Debug|Any CPU.ActiveCfg = Debug|Any CPU
		{F2218AE5-BF92-465B-870A-2C41356F23FB}.Debug|Any CPU.Build.0 = Debug|Any CPU
		{F2218AE5-BF92-465B-870A-2C41356F23FB}.Release|Any CPU.ActiveCfg = Release|Any CPU
		{F2218AE5-BF92-465B-870A-2C41356F23FB}.Release|Any CPU.Build.0 = Release|Any CPU
		{92942BD3-FB8C-48E2-9F63-A33B8EAC5574}.Debug|Any CPU.ActiveCfg = Debug|Any CPU
		{92942BD3-FB8C-48E2-9F63-A33B8EAC5574}.Debug|Any CPU.Build.0 = Debug|Any CPU
		{92942BD3-FB8C-48E2-9F63-A33B8EAC5574}.Release|Any CPU.ActiveCfg = Release|Any CPU
		{92942BD3-FB8C-48E2-9F63-A33B8EAC5574}.Release|Any CPU.Build.0 = Release|Any CPU
		{21E4A7C5-266D-49C3-9E10-F41ED65369A9}.Debug|Any CPU.ActiveCfg = Debug|Any CPU
		{21E4A7C5-266D-49C3-9E10-F41ED65369A9}.Debug|Any CPU.Build.0 = Debug|Any CPU
		{21E4A7C5-266D-49C3-9E10-F41ED65369A9}.Release|Any CPU.ActiveCfg = Release|Any CPU
		{21E4A7C5-266D-49C3-9E10-F41ED65369A9}.Release|Any CPU.Build.0 = Release|Any CPU
		{DA3065D2-7DA4-4444-BEAF-15D5CBCBC11D}.Debug|Any CPU.ActiveCfg = Debug|Any CPU
		{DA3065D2-7DA4-4444-BEAF-15D5CBCBC11D}.Debug|Any CPU.Build.0 = Debug|Any CPU
		{DA3065D2-7DA4-4444-BEAF-15D5CBCBC11D}.Release|Any CPU.ActiveCfg = Release|Any CPU
		{DA3065D2-7DA4-4444-BEAF-15D5CBCBC11D}.Release|Any CPU.Build.0 = Release|Any CPU
		{59EFE4D9-0BA2-42C2-B112-4C2A8FF7B786}.Debug|Any CPU.ActiveCfg = Debug|Any CPU
		{59EFE4D9-0BA2-42C2-B112-4C2A8FF7B786}.Debug|Any CPU.Build.0 = Debug|Any CPU
		{59EFE4D9-0BA2-42C2-B112-4C2A8FF7B786}.Release|Any CPU.ActiveCfg = Release|Any CPU
		{59EFE4D9-0BA2-42C2-B112-4C2A8FF7B786}.Release|Any CPU.Build.0 = Release|Any CPU
		{E4A29273-0350-4D5C-9901-025815A98375}.Debug|Any CPU.ActiveCfg = Debug|Any CPU
		{E4A29273-0350-4D5C-9901-025815A98375}.Debug|Any CPU.Build.0 = Debug|Any CPU
		{E4A29273-0350-4D5C-9901-025815A98375}.Release|Any CPU.ActiveCfg = Release|Any CPU
		{E4A29273-0350-4D5C-9901-025815A98375}.Release|Any CPU.Build.0 = Release|Any CPU
		{95A26CA8-6476-41CD-AED3-3430C1B9384C}.Debug|Any CPU.ActiveCfg = Debug|Any CPU
		{95A26CA8-6476-41CD-AED3-3430C1B9384C}.Debug|Any CPU.Build.0 = Debug|Any CPU
		{95A26CA8-6476-41CD-AED3-3430C1B9384C}.Release|Any CPU.ActiveCfg = Release|Any CPU
		{95A26CA8-6476-41CD-AED3-3430C1B9384C}.Release|Any CPU.Build.0 = Release|Any CPU
		{DE82F073-CE1A-4E16-9F58-1DD93CE28651}.Debug|Any CPU.ActiveCfg = Debug|Any CPU
		{DE82F073-CE1A-4E16-9F58-1DD93CE28651}.Debug|Any CPU.Build.0 = Debug|Any CPU
		{DE82F073-CE1A-4E16-9F58-1DD93CE28651}.Release|Any CPU.ActiveCfg = Release|Any CPU
		{DE82F073-CE1A-4E16-9F58-1DD93CE28651}.Release|Any CPU.Build.0 = Release|Any CPU
		{FAD4CCE4-1440-4E7C-A355-5FCF8013DF99}.Debug|Any CPU.ActiveCfg = Debug|Any CPU
		{FAD4CCE4-1440-4E7C-A355-5FCF8013DF99}.Debug|Any CPU.Build.0 = Debug|Any CPU
		{FAD4CCE4-1440-4E7C-A355-5FCF8013DF99}.Release|Any CPU.ActiveCfg = Release|Any CPU
		{FAD4CCE4-1440-4E7C-A355-5FCF8013DF99}.Release|Any CPU.Build.0 = Release|Any CPU
		{D349A8CA-0D3F-4262-A3A9-26B21D9EEFEE}.Debug|Any CPU.ActiveCfg = Debug|Any CPU
		{D349A8CA-0D3F-4262-A3A9-26B21D9EEFEE}.Debug|Any CPU.Build.0 = Debug|Any CPU
		{D349A8CA-0D3F-4262-A3A9-26B21D9EEFEE}.Release|Any CPU.ActiveCfg = Release|Any CPU
		{D349A8CA-0D3F-4262-A3A9-26B21D9EEFEE}.Release|Any CPU.Build.0 = Release|Any CPU
		{F922299E-ACF4-4690-AB4E-97AADD65A6A7}.Debug|Any CPU.ActiveCfg = Debug|Any CPU
		{F922299E-ACF4-4690-AB4E-97AADD65A6A7}.Debug|Any CPU.Build.0 = Debug|Any CPU
		{F922299E-ACF4-4690-AB4E-97AADD65A6A7}.Release|Any CPU.ActiveCfg = Release|Any CPU
		{F922299E-ACF4-4690-AB4E-97AADD65A6A7}.Release|Any CPU.Build.0 = Release|Any CPU
		{711ED412-DBD0-41E9-A419-6BA33CD177D5}.Debug|Any CPU.ActiveCfg = Debug|Any CPU
		{711ED412-DBD0-41E9-A419-6BA33CD177D5}.Debug|Any CPU.Build.0 = Debug|Any CPU
		{711ED412-DBD0-41E9-A419-6BA33CD177D5}.Release|Any CPU.ActiveCfg = Release|Any CPU
		{711ED412-DBD0-41E9-A419-6BA33CD177D5}.Release|Any CPU.Build.0 = Release|Any CPU
		{3D282DD8-BB3C-49B7-9D6F-3789B991AEB8}.Debug|Any CPU.ActiveCfg = Debug|Any CPU
		{3D282DD8-BB3C-49B7-9D6F-3789B991AEB8}.Debug|Any CPU.Build.0 = Debug|Any CPU
		{3D282DD8-BB3C-49B7-9D6F-3789B991AEB8}.Release|Any CPU.ActiveCfg = Release|Any CPU
		{3D282DD8-BB3C-49B7-9D6F-3789B991AEB8}.Release|Any CPU.Build.0 = Release|Any CPU
		{5EFE6415-1CB0-457E-A9D8-237DA5E0D337}.Debug|Any CPU.ActiveCfg = Debug|Any CPU
		{5EFE6415-1CB0-457E-A9D8-237DA5E0D337}.Debug|Any CPU.Build.0 = Debug|Any CPU
		{5EFE6415-1CB0-457E-A9D8-237DA5E0D337}.Release|Any CPU.ActiveCfg = Release|Any CPU
		{5EFE6415-1CB0-457E-A9D8-237DA5E0D337}.Release|Any CPU.Build.0 = Release|Any CPU
		{3B2DA625-146F-4E23-8274-B353E03B01AA}.Debug|Any CPU.ActiveCfg = Debug|Any CPU
		{3B2DA625-146F-4E23-8274-B353E03B01AA}.Debug|Any CPU.Build.0 = Debug|Any CPU
		{3B2DA625-146F-4E23-8274-B353E03B01AA}.Release|Any CPU.ActiveCfg = Release|Any CPU
		{3B2DA625-146F-4E23-8274-B353E03B01AA}.Release|Any CPU.Build.0 = Release|Any CPU
		{5BEFCD8E-30F7-4863-B71F-4B876962A1F3}.Debug|Any CPU.ActiveCfg = Debug|Any CPU
		{5BEFCD8E-30F7-4863-B71F-4B876962A1F3}.Debug|Any CPU.Build.0 = Debug|Any CPU
		{5BEFCD8E-30F7-4863-B71F-4B876962A1F3}.Release|Any CPU.ActiveCfg = Release|Any CPU
		{5BEFCD8E-30F7-4863-B71F-4B876962A1F3}.Release|Any CPU.Build.0 = Release|Any CPU
		{CA7D5989-02D4-401C-9F1C-FB4322B7F5E3}.Debug|Any CPU.ActiveCfg = Debug|Any CPU
		{CA7D5989-02D4-401C-9F1C-FB4322B7F5E3}.Debug|Any CPU.Build.0 = Debug|Any CPU
		{CA7D5989-02D4-401C-9F1C-FB4322B7F5E3}.Release|Any CPU.ActiveCfg = Release|Any CPU
		{CA7D5989-02D4-401C-9F1C-FB4322B7F5E3}.Release|Any CPU.Build.0 = Release|Any CPU
		{A77BFBB1-A84E-4A5F-ABA7-546F2EF82C6C}.Debug|Any CPU.ActiveCfg = Debug|Any CPU
		{A77BFBB1-A84E-4A5F-ABA7-546F2EF82C6C}.Debug|Any CPU.Build.0 = Debug|Any CPU
		{A77BFBB1-A84E-4A5F-ABA7-546F2EF82C6C}.Release|Any CPU.ActiveCfg = Release|Any CPU
		{A77BFBB1-A84E-4A5F-ABA7-546F2EF82C6C}.Release|Any CPU.Build.0 = Release|Any CPU
		{14BBC829-316B-4987-A2C4-B321FB0D8216}.Debug|Any CPU.ActiveCfg = Debug|Any CPU
		{14BBC829-316B-4987-A2C4-B321FB0D8216}.Debug|Any CPU.Build.0 = Debug|Any CPU
		{14BBC829-316B-4987-A2C4-B321FB0D8216}.Release|Any CPU.ActiveCfg = Release|Any CPU
		{14BBC829-316B-4987-A2C4-B321FB0D8216}.Release|Any CPU.Build.0 = Release|Any CPU
		{AE8476D5-16EE-445F-AF4F-7FF7FDC10BA9}.Debug|Any CPU.ActiveCfg = Debug|Any CPU
		{AE8476D5-16EE-445F-AF4F-7FF7FDC10BA9}.Debug|Any CPU.Build.0 = Debug|Any CPU
		{AE8476D5-16EE-445F-AF4F-7FF7FDC10BA9}.Release|Any CPU.ActiveCfg = Release|Any CPU
		{AE8476D5-16EE-445F-AF4F-7FF7FDC10BA9}.Release|Any CPU.Build.0 = Release|Any CPU
	EndGlobalSection
	GlobalSection(SolutionProperties) = preSolution
		HideSolutionNode = FALSE
	EndGlobalSection
	GlobalSection(ExtensibilityGlobals) = postSolution
		SolutionGuid = {BF319AE4-BBF1-4AD7-93D4-49BA517282E2}
	EndGlobalSection
EndGlobal
